schema: '2.0'
stages:
  data_ingestion:
    cmd: python src/data_ingestion.py
    deps:
    - path: src/data_ingestion.py
      hash: md5
      md5: 747396b063f0b032275908bee7668c26
      size: 681
    outs:
    - path: data/raw
      hash: md5
      md5: b558868568c58d07b21917adba43f4c6.dir
      size: 887224
      nfiles: 2
  data_preprocessing:
    cmd: python src/data_preprocessing.py
    deps:
    - path: data/raw
      hash: md5
      md5: b558868568c58d07b21917adba43f4c6.dir
      size: 887224
      nfiles: 2
    - path: src/data_preprocessing.py
      hash: md5
      md5: 7aab9eea35f78c8d4d064e3b05ef1902
      size: 2991
    outs:
    - path: data/processed
      hash: md5
      md5: df7235544f9dd305137829d817d1e9f1.dir
      size: 681409
      nfiles: 2
  feature_engineering:
    cmd: python src/feature_engineering.py
    deps:
    - path: data/processed
      hash: md5
      md5: df7235544f9dd305137829d817d1e9f1.dir
      size: 681409
      nfiles: 2
    - path: src/feature_engineering.py
      hash: md5
      md5: 86b32388958b1dca69ba8c51c683423b
      size: 1404
    outs:
    - path: data/features
      hash: md5
      md5: 8848aa164ebd2249e750d0f10316afac.dir
      size: 10458568
      nfiles: 2
  model_building:
    cmd: python src/model_building.py
    deps:
    - path: data/features
      hash: md5
      md5: 8848aa164ebd2249e750d0f10316afac.dir
      size: 10458568
      nfiles: 2
    - path: src/model_building.py
      hash: md5
      md5: 4e0e1a16962892c9c1d2ec7bf2bf6bb8
      size: 357
    outs:
    - path: model.pkl
      hash: md5
      md5: 0ca504c9289bc0a180741bf3cfb9b3d4
      size: 130631
  model_evaluation:
    cmd: python src/model_evaluation.py
    deps:
    - path: model.pkl
      hash: md5
      md5: 0ca504c9289bc0a180741bf3cfb9b3d4
      size: 130631
    - path: src/model_evaluation.py
      hash: md5
      md5: 75c9fe93d289c08ae923f55776b0f00f
      size: 867
    outs:
    - path: metrics.json
      hash: md5
      md5: ed1eed10e1ba54bf7cbeb47b5dcaf820
      size: 144
